DEPENDENCIES
  bedrock1
    path: cookbooks/bedrock1
  bedrock2
    path: cookbooks/bedrock2
  capistrano-base
    git: git://github.com/thirdwavellc/chef-capistrano-base.git
    revision: 2374a149cfd638f67d3b1867574540def2c58fea
  capistrano-wordpress
    git: git://github.com/thirdwavellc/chef-capistrano-wordpress.git
    revision: eaff0247d0307eacdf6a9d1a2f58f7dbafea94e7
  chef-solo-search
    git: git://github.com/edelight/chef-solo-search.git
    revision: 72bd5e3507056e5c931ee0cf7516ce1bfbce6d51
  consul
    git: git://github.com/johnbellone/consul-cookbook.git
    revision: db93cb69f095b9300d4e530257151abfaef273d4
  consul-alerts
    git: git://github.com/adamkrone/chef-consul-alerts.git
    revision: 110b4e3d17cd48c99447e04c4df83ba0767af710
  consul-cluster
    git: git://github.com/thirdwavellc/chef-consul-cluster.git
    revision: ff58ac44da9e2058c019e6da880314fefdada227
  consul-services
    git: git://github.com/thirdwavellc/chef-consul-services.git
    revision: 896041da58ad19ddfba9e3f91f6d1bd9c9e9e50e
  consul-template
    git: git://github.com/adamkrone/chef-consul-template.git
    revision: 594888ce140d544b6c2573cae3355203d45f9402
  csync2
    git: git://github.com/thirdwavellc/chef-csync2.git
    revision: 9d9b0a1464c8557c811c1363c588898fe0d6e8de
  haproxy
  hostsfile
  lsyncd
    git: git://github.com/thirdwavellc/chef-lsyncd.git
    revision: 3b80956ed578cf0f35f51350c66a7d5a353ca565
  mysql-cluster
    git: git://github.com/thirdwavellc/chef-mysql-cluster.git
    revision: a8a2d97a37be76a9634b7aec27cbf29b9e71ca7a
  percona
    git: git://github.com/phlipper/chef-percona.git
    revision: 0666754756e9494ac2598d82a67fda6cf42aa8bd
  ssh-import-id
    git: git://github.com/adamkrone/chef-ssh-import-id.git
    revision: 402b6b1b5aba26f452347ccc90fec4c1530e87db
  unzip
    git: git://github.com/thirdwavellc/chef-unzip.git
    revision: d2e4a55ac0d3a9c9ad49a0ab52105c276863161b
  wordpress-cluster
    git: git://github.com/thirdwavellc/chef-wordpress-cluster.git
    revision: f96fe962eb156804b0b038c05c076df230b2c0a1
  wordpress-cluster1
    path: cookbooks/wordpress-cluster1

GRAPH
  7-zip (1.0.2)
    windows (>= 1.2.2)
  apache2 (3.0.1)
    iptables (>= 0.0.0)
    logrotate (>= 0.0.0)
  apt (2.6.1)
  ark (0.9.0)
    7-zip (>= 0.0.0)
    windows (>= 0.0.0)
  aws (2.6.4)
  bedrock1 (0.1.0)
    apt (>= 0.0.0)
    chef-solo-search (>= 0.0.0)
    consul (>= 0.0.0)
    consul-services (>= 0.0.0)
    consul-template (>= 0.0.0)
    git (>= 0.0.0)
    ssh-import-id (>= 0.0.0)
    unzip (>= 0.0.0)
    wordpress-cluster (>= 0.0.0)
  bedrock2 (0.1.0)
    apt (>= 0.0.0)
    chef-solo-search (>= 0.0.0)
    consul (>= 0.0.0)
    consul-services (>= 0.0.0)
    consul-template (>= 0.0.0)
    git (>= 0.0.0)
    ssh-import-id (>= 0.0.0)
    unzip (>= 0.0.0)
    wordpress-cluster (>= 0.0.0)
  build-essential (2.1.3)
  capistrano-base (0.3.0)
    apache2 (~> 3.0)
    apt (>= 0.0.0)
    database (~> 2.3.1)
    mysql (~> 5.0)
    nodejs (>= 0.0.0)
    ssh-hardening (= 1.0.2)
    sudo (>= 0.0.0)
    users (>= 0.0.0)
  capistrano-wordpress (0.3.0)
    apache2 (>= 0.0.0)
    apt (>= 0.0.0)
    capistrano-base (>= 0.0.0)
    composer (>= 0.0.0)
    nodejs (>= 0.0.0)
    php (>= 0.0.0)
    ssh-hardening (= 1.0.2)
    sudo (>= 0.0.0)
    users (>= 0.0.0)
  chef-provisioning (0.1.2)
    build-essential (>= 0.0.0)
  chef-solo-search (0.5.2)
  chef-sugar (2.5.0)
  chef_handler (1.1.6)
  composer (2.0.0)
    php (>= 0.0.0)
    windows (>= 0.0.0)
  consul (0.8.3)
    chef-provisioning (>= 0.0.0)
    golang (~> 1.4)
    libarchive (>= 0.0.0)
    runit (>= 0.0.0)
    yum-repoforge (>= 0.0.0)
  consul-alerts (0.1.0)
  consul-cluster (0.1.0)
    consul (>= 0.0.0)
    consul-alerts (>= 0.0.0)
    consul-services (>= 0.0.0)
  consul-services (0.2.0)
    consul (>= 0.0.0)
    curl (>= 0.0.0)
  consul-template (0.7.0)
    ark (>= 0.0.0)
    golang (~> 1.4.0)
    runit (>= 0.0.0)
  cpu (0.2.0)
  csync2 (0.1.0)
    hostsfile (>= 0.0.0)
  curl (2.0.1)
  database (2.3.1)
    aws (>= 0.0.0)
    mysql (~> 5.0)
    mysql-chef_gem (~> 0.0)
    postgresql (>= 1.0.0)
    xfs (>= 0.0.0)
  dmg (2.2.2)
  git (4.1.0)
    build-essential (>= 0.0.0)
    dmg (>= 0.0.0)
    runit (>= 1.0)
    windows (>= 0.0.0)
    yum (~> 3.0)
    yum-epel (>= 0.0.0)
  golang (1.4.0)
  haproxy (1.6.6)
    build-essential (>= 0.0.0)
    cpu (>= 0.2.0)
  hg (0.1.2)
    mercurial (>= 0.0.0)
  hostsfile (2.4.5)
  iis (4.0.0)
    windows (>= 1.34.6)
  iptables (0.14.1)
  keepalived (1.2.0)
  libarchive (0.4.1)
    apt (~> 2.5)
    build-essential (~> 2.0)
  logrotate (1.8.0)
  lsyncd (0.1.0)
  mercurial (2.0.4)
    build-essential (>= 0.0.0)
    python (>= 0.0.0)
    windows (>= 0.0.0)
  mysql (5.6.1)
    yum-mysql-community (>= 0.0.0)
  mysql-chef_gem (0.0.5)
    build-essential (>= 0.0.0)
    mysql (>= 0.0.0)
  mysql-cluster (0.1.0)
    apt (>= 0.0.0)
    percona (>= 0.0.0)
  nodejs (2.2.0)
    apt (>= 0.0.0)
    ark (>= 0.0.0)
    build-essential (>= 0.0.0)
    yum-epel (>= 0.0.0)
  openssl (4.0.0)
    chef-sugar (>= 0.0.0)
  percona (0.15.5)
    apt (>= 1.9.0)
    build-essential (>= 0.0.0)
    openssl (>= 0.0.0)
    yum (~> 3.0)
    yum-epel (>= 0.0.0)
  php (1.5.0)
    build-essential (>= 0.0.0)
    iis (>= 0.0.0)
    mysql (>= 0.0.0)
    windows (>= 0.0.0)
    xml (>= 0.0.0)
    yum-epel (>= 0.0.0)
  postgresql (3.4.18)
    apt (>= 1.9.0)
    build-essential (>= 0.0.0)
    openssl (~> 4.0.0)
  python (1.4.6)
    build-essential (>= 0.0.0)
    yum-epel (>= 0.0.0)
  runit (1.5.16)
    build-essential (>= 0.0.0)
    yum (~> 3.0)
    yum-epel (>= 0.0.0)
  ssh-hardening (1.0.2)
  ssh-import-id (0.1.0)
    apt (>= 0.0.0)
  sudo (2.7.1)
  unzip (0.0.1)
  users (1.7.0)
  varnish (2.0.0)
    apt (~> 2.4)
    build-essential (>= 0.0.0)
    yum (~> 3.0)
    yum-epel (>= 0.0.0)
  windows (1.36.6)
    chef_handler (>= 0.0.0)
  wordpress-cluster (0.1.0)
    apt (>= 0.0.0)
    capistrano-wordpress (>= 0.0.0)
    consul (>= 0.0.0)
    consul-cluster (>= 0.0.0)
    consul-services (>= 0.0.0)
    consul-template (>= 0.0.0)
    csync2 (>= 0.0.0)
    git (>= 0.0.0)
    haproxy (>= 0.0.0)
    hg (>= 0.0.0)
    keepalived (>= 0.0.0)
    lsyncd (>= 0.0.0)
    ssh-import-id (>= 0.0.0)
    unzip (>= 0.0.0)
    varnish (>= 0.0.0)
    wp-cli (>= 0.0.0)
    yum (>= 0.0.0)
  wordpress-cluster1 (0.1.0)
    bedrock1 (>= 0.0.0)
    bedrock2 (>= 0.0.0)
    csync2 (>= 0.0.0)
    lsyncd (>= 0.0.0)
    mysql-cluster (>= 0.0.0)
  wp-cli (0.1.4)
  xfs (1.1.0)
  xml (1.2.13)
    build-essential (>= 0.0.0)
    chef-sugar (>= 0.0.0)
  yum (3.5.3)
  yum-epel (0.6.0)
    yum (~> 3.0)
  yum-mysql-community (0.1.13)
    yum (>= 3.0)
  yum-repoforge (0.5.0)
    yum (~> 3.0)
    yum-epel (>= 0.0.0)
