DEPENDENCIES
  bedrock
    path: cookbooks/chef-bedrock
  capistrano-base
    git: git://github.com/adamkrone/chef-capistrano-base.git
    revision: 2e9f85c55a542f11e90341453224722ea2e0a009
  capistrano-wordpress
    git: git://github.com/adamkrone/chef-capistrano-wordpress.git
    revision: 6bcf7381b31c71bcf43929eb1e411b8733590f03
  chef-solo-search
    git: git://github.com/edelight/chef-solo-search.git
    revision: 72bd5e3507056e5c931ee0cf7516ce1bfbce6d51
  consul
    git: git://github.com/johnbellone/consul-cookbook.git
    revision: a0d5a8b56f55d9caef1ddded2fa95bfeffe28a6c
  consul-cluster
    git: git://github.com/adamkrone/chef-consul-cluster.git
    revision: 6628ea21c0fd97c0bb0cb0e2d8994e417c9e06de
  consul-services
    git: git://github.com/adamkrone/chef-consul-services.git
    revision: 41bee3919531e88a391268d74cf780543d810430
  consul-template
    git: git://github.com/adamkrone/chef-consul-template.git
    revision: 4e583920d227ac70fdf8e2ce11d90b6a21dc8bbf
  consul-watches
    git: git://github.com/adamkrone/chef-consul-watches.git
    revision: 746f856c0c138c6702e672ed776bd53bcc3877a7
  csync2
    git: git://github.com/adamkrone/chef-csync2.git
    revision: c5a899cc6844c0d4b3b6c0845fdd7d2bf8c58d07
  haproxy
  hostsfile
  lsyncd
    git: git://github.com/adamkrone/chef-lsyncd.git
    revision: 0963a3aa9bde474378d213a7870c881c96561ae5
  ssh-import-id
    git: git://github.com/adamkrone/chef-ssh-import-id.git
    revision: 402b6b1b5aba26f452347ccc90fec4c1530e87db
  unzip
    git: git://github.com/thirdwavellc/chef-unzip.git
    revision: d2e4a55ac0d3a9c9ad49a0ab52105c276863161b
  wordpress-cluster
    git: git://github.com/adamkrone/chef-wordpress-cluster.git
    revision: 203495798cb6ce6d8642bc4039dd48f127cebaca

GRAPH
  7-zip (1.0.2)
    windows (>= 1.2.2)
  apache2 (3.0.0)
    iptables (>= 0.0.0)
    logrotate (>= 0.0.0)
  apt (2.6.1)
  ark (0.9.0)
    7-zip (>= 0.0.0)
    windows (>= 0.0.0)
  aws (2.5.0)
  bedrock (0.1.0)
    apt (>= 0.0.0)
    chef-solo-search (>= 0.0.0)
    consul (>= 0.0.0)
    consul-services (>= 0.0.0)
    consul-template (>= 0.0.0)
    git (>= 0.0.0)
    ssh-import-id (>= 0.0.0)
    unzip (>= 0.0.0)
    wordpress-cluster (>= 0.0.0)
  build-essential (2.1.3)
  capistrano-base (0.3.0)
    apache2 (~> 3.0)
    apt (>= 0.0.0)
    database (~> 2.3.1)
    mysql (~> 5.0)
    nodejs (>= 0.0.0)
    ssh-hardening (= 1.0.2)
    sudo (>= 0.0.0)
    users (>= 0.0.0)
  capistrano-wordpress (0.3.0)
    apache2 (>= 0.0.0)
    apt (>= 0.0.0)
    capistrano-base (>= 0.0.0)
    composer (>= 0.0.0)
    nodejs (>= 0.0.0)
    php (>= 0.0.0)
    ssh-hardening (>= 0.0.0)
    sudo (>= 0.0.0)
    users (>= 0.0.0)
  chef-provisioning (0.1.2)
    build-essential (>= 0.0.0)
  chef-solo-search (0.5.2)
  chef-sugar (2.5.0)
  chef_handler (1.1.6)
  composer (2.0.0)
    php (>= 0.0.0)
    windows (>= 0.0.0)
  consul (0.7.1)
    ark (>= 0.0.0)
    chef-provisioning (>= 0.0.0)
    golang (~> 1.4)
    runit (>= 0.0.0)
    yum-repoforge (>= 0.0.0)
  consul-cluster (0.1.0)
    consul (>= 0.0.0)
    consul-services (>= 0.0.0)
  consul-services (0.2.0)
    consul (>= 0.0.0)
    curl (>= 0.0.0)
  consul-template (0.6.0)
    ark (>= 0.0.0)
    golang (~> 1.4.0)
    runit (>= 0.0.0)
  consul-watches (0.1.0)
    consul (>= 0.0.0)
  cpu (0.2.0)
  csync2 (0.1.0)
    hostsfile (>= 0.0.0)
  curl (2.0.1)
  database (2.3.1)
    aws (>= 0.0.0)
    mysql (~> 5.0)
    mysql-chef_gem (~> 0.0)
    postgresql (>= 1.0.0)
    xfs (>= 0.0.0)
  dmg (2.2.2)
  git (4.1.0)
    build-essential (>= 0.0.0)
    dmg (>= 0.0.0)
    runit (>= 1.0)
    windows (>= 0.0.0)
    yum (~> 3.0)
    yum-epel (>= 0.0.0)
  golang (1.4.0)
  haproxy (1.6.6)
    build-essential (>= 0.0.0)
    cpu (>= 0.2.0)
  hg (0.1.2)
    mercurial (>= 0.0.0)
  hostsfile (2.4.5)
  iis (2.1.6)
    windows (>= 1.34.6)
  iptables (0.14.1)
  keepalived (1.2.0)
  logrotate (1.8.0)
  lsyncd (0.1.0)
  mercurial (2.0.4)
    build-essential (>= 0.0.0)
    python (>= 0.0.0)
    windows (>= 0.0.0)
  mysql (5.6.1)
    yum-mysql-community (>= 0.0.0)
  mysql-chef_gem (0.0.5)
    build-essential (>= 0.0.0)
    mysql (>= 0.0.0)
  nodejs (2.2.0)
    apt (>= 0.0.0)
    ark (>= 0.0.0)
    build-essential (>= 0.0.0)
    yum-epel (>= 0.0.0)
  openssl (2.0.2)
    chef-sugar (>= 0.0.0)
  php (1.5.0)
    build-essential (>= 0.0.0)
    iis (>= 0.0.0)
    mysql (>= 0.0.0)
    windows (>= 0.0.0)
    xml (>= 0.0.0)
    yum-epel (>= 0.0.0)
  postgresql (3.4.14)
    apt (>= 1.9.0)
    build-essential (>= 0.0.0)
    openssl (>= 0.0.0)
  python (1.4.6)
    build-essential (>= 0.0.0)
    yum-epel (>= 0.0.0)
  runit (1.5.14)
    build-essential (>= 0.0.0)
    yum (~> 3.0)
    yum-epel (>= 0.0.0)
  ssh-hardening (1.0.2)
  ssh-import-id (0.1.0)
    apt (>= 0.0.0)
  sudo (2.7.1)
  unzip (0.0.1)
  users (1.7.0)
  windows (1.36.1)
    chef_handler (>= 0.0.0)
  wordpress-cluster (0.1.0)
    apt (>= 0.0.0)
    capistrano-wordpress (>= 0.0.0)
    consul (>= 0.0.0)
    consul-cluster (>= 0.0.0)
    consul-services (>= 0.0.0)
    consul-template (>= 0.0.0)
    csync2 (>= 0.0.0)
    git (>= 0.0.0)
    haproxy (>= 0.0.0)
    hg (>= 0.0.0)
    keepalived (>= 0.0.0)
    lsyncd (>= 0.0.0)
    ssh-import-id (>= 0.0.0)
    unzip (>= 0.0.0)
    yum (>= 0.0.0)
  xfs (1.1.0)
  xml (1.2.9)
    build-essential (>= 0.0.0)
    chef-sugar (>= 0.0.0)
  yum (3.5.2)
  yum-epel (0.6.0)
    yum (~> 3.0)
  yum-mysql-community (0.1.12)
    yum (>= 3.0)
  yum-repoforge (0.5.0)
    yum (~> 3.0)
    yum-epel (>= 0.0.0)
