DEPENDENCIES
  bedrock
    path: cookbooks/chef-bedrock
  capistrano-base
    git: git://github.com/adamkrone/chef-capistrano-base.git
    revision: 13f90cf5d29dccc4da0430e49d580b2cb53de8ea
  capistrano-wordpress
    git: git://github.com/adamkrone/chef-capistrano-wordpress.git
    revision: ab2e3abe239ab4193b1ec039a8e4f03d56a2038e
  chef-solo-search
    git: git://github.com/edelight/chef-solo-search.git
    revision: 72bd5e3507056e5c931ee0cf7516ce1bfbce6d51
  consul
    git: git://github.com/johnbellone/consul-cookbook.git
    revision: 1553151a302167f385d64b8d9edfe2257f681419
  consul-cluster
    git: git://github.com/adamkrone/chef-consul-cluster.git
    revision: 4918b5988789faf1f3022b0241af76971a2c704f
  consul-services
    git: git://github.com/adamkrone/chef-consul-services.git
    revision: 21198d9af3a7c5de2be771023f7019d69afa294d
  consul-template
    git: git://github.com/adamkrone/chef-consul-template.git
    revision: cc66907f9ac65397a66c452d1be4684d8041da91
  ssh-import-id
    git: git://github.com/adamkrone/chef-ssh-import-id.git
    revision: e9efba5202073c67cfd2c025c8982c0825dd228b
  unzip
    git: git://github.com/thirdwavellc/chef-unzip.git
    revision: d2e4a55ac0d3a9c9ad49a0ab52105c276863161b
  wordpress-cluster
    git: git://github.com/adamkrone/chef-wordpress-cluster.git
    revision: 1b7af0c0ef092d81d3fb76cff1c6ce2ed3071d94

GRAPH
  7-zip (1.0.2)
    windows (>= 1.2.2)
  apache2 (3.0.0)
    iptables (>= 0.0.0)
    logrotate (>= 0.0.0)
  apt (2.6.1)
  ark (0.9.0)
    7-zip (>= 0.0.0)
    windows (>= 0.0.0)
  aws (2.5.0)
  bedrock (0.1.0)
    apt (>= 0.0.0)
    consul (>= 0.0.0)
    consul-services (>= 0.0.0)
    consul-template (>= 0.0.0)
    git (>= 0.0.0)
    ssh-import-id (>= 0.0.0)
    unzip (>= 0.0.0)
    wordpress-cluster (>= 0.0.0)
  build-essential (2.1.3)
  capistrano-base (0.3.0)
    apache2 (~> 3.0)
    apt (>= 0.0.0)
    database (~> 2.3.1)
    mysql (~> 5.0)
    nodejs (>= 0.0.0)
    ssh-hardening (>= 0.0.0)
    sudo (>= 0.0.0)
    users (>= 0.0.0)
  capistrano-wordpress (0.3.0)
    apache2 (>= 0.0.0)
    apt (>= 0.0.0)
    capistrano-base (>= 0.0.0)
    composer (>= 0.0.0)
    nodejs (>= 0.0.0)
    php (>= 0.0.0)
    ssh-hardening (>= 0.0.0)
    sudo (>= 0.0.0)
    users (>= 0.0.0)
  chef-solo-search (0.5.2)
  chef-sugar (2.5.0)
  chef_handler (1.1.6)
  composer (1.1.0)
    php (>= 0.0.0)
    windows (>= 0.0.0)
  consul (0.6.0)
    ark (>= 0.0.0)
    golang (~> 1.4.0)
    runit (>= 0.0.0)
    yum-repoforge (>= 0.0.0)
  consul-cluster (0.1.0)
    consul (>= 0.0.0)
  consul-services (0.2.0)
    consul (>= 0.0.0)
    curl (>= 0.0.0)
  consul-template (0.5.1)
    ark (>= 0.0.0)
    golang (~> 1.4.0)
    runit (>= 0.0.0)
  cpu (0.2.0)
  csync2 (0.1.0)
  curl (2.0.1)
  database (2.3.1)
    aws (>= 0.0.0)
    mysql (~> 5.0)
    mysql-chef_gem (~> 0.0)
    postgresql (>= 1.0.0)
    xfs (>= 0.0.0)
  dmg (2.2.2)
  git (4.1.0)
    build-essential (>= 0.0.0)
    dmg (>= 0.0.0)
    runit (>= 1.0)
    windows (>= 0.0.0)
    yum (~> 3.0)
    yum-epel (>= 0.0.0)
  golang (1.4.0)
  haproxy (1.6.6)
    build-essential (>= 0.0.0)
    cpu (>= 0.2.0)
  hg (0.1.2)
    mercurial (>= 0.0.0)
  iis (2.1.6)
    windows (>= 1.34.6)
  iptables (0.14.1)
  keepalived (1.2.0)
  logrotate (1.7.0)
  lsyncd (0.2.2)
    yum (~> 3.0.0)
  mercurial (2.0.4)
    build-essential (>= 0.0.0)
    python (>= 0.0.0)
    windows (>= 0.0.0)
  mysql (5.6.1)
    yum-mysql-community (>= 0.0.0)
  mysql-chef_gem (0.0.5)
    build-essential (>= 0.0.0)
    mysql (>= 0.0.0)
  nodejs (2.2.0)
    apt (>= 0.0.0)
    ark (>= 0.0.0)
    build-essential (>= 0.0.0)
    yum-epel (>= 0.0.0)
  openssl (2.0.2)
    chef-sugar (>= 0.0.0)
  php (1.5.0)
    build-essential (>= 0.0.0)
    iis (>= 0.0.0)
    mysql (>= 0.0.0)
    windows (>= 0.0.0)
    xml (>= 0.0.0)
    yum-epel (>= 0.0.0)
  postgresql (3.4.14)
    apt (>= 1.9.0)
    build-essential (>= 0.0.0)
    openssl (>= 0.0.0)
  python (1.4.6)
    build-essential (>= 0.0.0)
    yum-epel (>= 0.0.0)
  runit (1.5.12)
    build-essential (>= 0.0.0)
    yum (~> 3.0)
    yum-epel (>= 0.0.0)
  ssh-hardening (1.0.1)
  ssh-import-id (0.1.0)
    apt (>= 0.0.0)
  sudo (2.7.1)
  unzip (0.0.1)
  users (1.7.0)
  windows (1.36.1)
    chef_handler (>= 0.0.0)
  wordpress-cluster (0.1.0)
    apt (>= 0.0.0)
    capistrano-wordpress (>= 0.0.0)
    consul (>= 0.0.0)
    consul-cluster (>= 0.0.0)
    consul-services (>= 0.0.0)
    consul-template (>= 0.0.0)
    csync2 (>= 0.0.0)
    git (>= 0.0.0)
    haproxy (>= 0.0.0)
    hg (>= 0.0.0)
    keepalived (>= 0.0.0)
    lsyncd (>= 0.0.0)
    ssh-import-id (>= 0.0.0)
    yum (>= 0.0.0)
  xfs (1.1.0)
  xml (1.2.9)
    build-essential (>= 0.0.0)
    chef-sugar (>= 0.0.0)
  yum (3.0.6)
  yum-epel (0.6.0)
    yum (~> 3.0)
  yum-mysql-community (0.1.11)
    yum (>= 3.0)
  yum-repoforge (0.5.0)
    yum (~> 3.0)
    yum-epel (>= 0.0.0)
